
Microsoft Visual Studio Solution File, Format Version 12.00
# Visual Studio Version 16
VisualStudioVersion = 16.0.31112.23
MinimumVisualStudioVersion = 10.0.40219.1
Project("{9A19103F-16F7-4668-BE54-9A1E7A4F7556}") = "Simply.Sales.TelegramBot", "Simply.Sales.TelegramBot.csproj", "{2DCDD617-636A-4C4F-A3FA-932DEE34E63C}"
EndProject
Project("{9A19103F-16F7-4668-BE54-9A1E7A4F7556}") = "Simply.Sales.DLL", "..\Simply.Sales.DLL\Simply.Sales.DLL.csproj", "{AA73A1C5-9E36-427B-86EF-120C3E1A3505}"
EndProject
Project("{9A19103F-16F7-4668-BE54-9A1E7A4F7556}") = "Simply.Sales.BLL", "..\Simply.Sales.BL\Simply.Sales.BLL.csproj", "{C83812A5-B969-4E48-83CA-D8FB64E02762}"
EndProject
Global
	GlobalSection(SolutionConfigurationPlatforms) = preSolution
		Debug|Any CPU = Debug|Any CPU
		Release|Any CPU = Release|Any CPU
	EndGlobalSection
	GlobalSection(ProjectConfigurationPlatforms) = postSolution
		{2DCDD617-636A-4C4F-A3FA-932DEE34E63C}.Debug|Any CPU.ActiveCfg = Debug|Any CPU
		{2DCDD617-636A-4C4F-A3FA-932DEE34E63C}.Debug|Any CPU.Build.0 = Debug|Any CPU
		{2DCDD617-636A-4C4F-A3FA-932DEE34E63C}.Release|Any CPU.ActiveCfg = Release|Any CPU
		{2DCDD617-636A-4C4F-A3FA-932DEE34E63C}.Release|Any CPU.Build.0 = Release|Any CPU
		{AA73A1C5-9E36-427B-86EF-120C3E1A3505}.Debug|Any CPU.ActiveCfg = Debug|Any CPU
		{AA73A1C5-9E36-427B-86EF-120C3E1A3505}.Debug|Any CPU.Build.0 = Debug|Any CPU
		{AA73A1C5-9E36-427B-86EF-120C3E1A3505}.Release|Any CPU.ActiveCfg = Release|Any CPU
		{AA73A1C5-9E36-427B-86EF-120C3E1A3505}.Release|Any CPU.Build.0 = Release|Any CPU
		{C83812A5-B969-4E48-83CA-D8FB64E02762}.Debug|Any CPU.ActiveCfg = Debug|Any CPU
		{C83812A5-B969-4E48-83CA-D8FB64E02762}.Debug|Any CPU.Build.0 = Debug|Any CPU
		{C83812A5-B969-4E48-83CA-D8FB64E02762}.Release|Any CPU.ActiveCfg = Release|Any CPU
		{C83812A5-B969-4E48-83CA-D8FB64E02762}.Release|Any CPU.Build.0 = Release|Any CPU
	EndGlobalSection
	GlobalSection(SolutionProperties) = preSolution
		HideSolutionNode = FALSE
	EndGlobalSection
	GlobalSection(ExtensibilityGlobals) = postSolution
		SolutionGuid = {BDE57CCA-4DDA-4906-AC55-AEB2DF7ACAF4}
	EndGlobalSection
EndGlobal
